
Microsoft Visual Studio Solution File, Format Version 12.00
# Visual Studio Version 17
VisualStudioVersion = 17.4.33205.214
MinimumVisualStudioVersion = 10.0.40219.1
Project("{FAE04EC0-301F-11D3-BF4B-00C04F79EFBC}") = "DemucsGUI", "DemucsGUI\DemucsGUI.csproj", "{7AE0F2F2-0099-49E6-B822-5B11BEC13809}"
EndProject
Global
	GlobalSection(SolutionConfigurationPlatforms) = preSolution
		Debug|Any CPU = Debug|Any CPU
		Release|Any CPU = Release|Any CPU
	EndGlobalSection
	GlobalSection(ProjectConfigurationPlatforms) = postSolution
		{7AE0F2F2-0099-49E6-B822-5B11BEC13809}.Debug|Any CPU.ActiveCfg = Debug|Any CPU
		{7AE0F2F2-0099-49E6-B822-5B11BEC13809}.Debug|Any CPU.Build.0 = Debug|Any CPU
		{7AE0F2F2-0099-49E6-B822-5B11BEC13809}.Release|Any CPU.ActiveCfg = Release|Any CPU
		{7AE0F2F2-0099-49E6-B822-5B11BEC13809}.Release|Any CPU.Build.0 = Release|Any CPU
	EndGlobalSection
	GlobalSection(SolutionProperties) = preSolution
		HideSolutionNode = FALSE
	EndGlobalSection
	GlobalSection(ExtensibilityGlobals) = postSolution
		SolutionGuid = {832DDAFE-6F48-491F-B408-68798AC77309}
	EndGlobalSection
EndGlobal
